
Microsoft Visual Studio Solution File, Format Version 12.00
# Visual Studio 15
VisualStudioVersion = 15.0.28010.2036
MinimumVisualStudioVersion = 10.0.40219.1
Project("{8BC9CEB8-8B4A-11D0-8D11-00A0C91BC942}") = "Phase1", "Phase1\Phase1.vcxproj", "{BC48DCB9-0430-46CD-AA89-0F5248CCBFF3}"
EndProject
Project("{8BC9CEB8-8B4A-11D0-8D11-00A0C91BC942}") = "Phase2", "Phase2\Phase2.vcxproj", "{35AD2EA1-B384-4E88-A239-0000256C30C2}"
EndProject
Project("{8BC9CEB8-8B4A-11D0-8D11-00A0C91BC942}") = "Phase3", "Phase3\Phase3.vcxproj", "{C37A3862-9987-4C65-B53E-2AC10255794A}"
EndProject
Global
	GlobalSection(SolutionConfigurationPlatforms) = preSolution
		Debug|x64 = Debug|x64
		Debug|x86 = Debug|x86
		Release|x64 = Release|x64
		Release|x86 = Release|x86
	EndGlobalSection
	GlobalSection(ProjectConfigurationPlatforms) = postSolution
		{BC48DCB9-0430-46CD-AA89-0F5248CCBFF3}.Debug|x64.ActiveCfg = Debug|x64
		{BC48DCB9-0430-46CD-AA89-0F5248CCBFF3}.Debug|x64.Build.0 = Debug|x64
		{BC48DCB9-0430-46CD-AA89-0F5248CCBFF3}.Debug|x86.ActiveCfg = Debug|Win32
		{BC48DCB9-0430-46CD-AA89-0F5248CCBFF3}.Debug|x86.Build.0 = Debug|Win32
		{BC48DCB9-0430-46CD-AA89-0F5248CCBFF3}.Release|x64.ActiveCfg = Release|x64
		{BC48DCB9-0430-46CD-AA89-0F5248CCBFF3}.Release|x64.Build.0 = Release|x64
		{BC48DCB9-0430-46CD-AA89-0F5248CCBFF3}.Release|x86.ActiveCfg = Release|Win32
		{BC48DCB9-0430-46CD-AA89-0F5248CCBFF3}.Release|x86.Build.0 = Release|Win32
		{35AD2EA1-B384-4E88-A239-0000256C30C2}.Debug|x64.ActiveCfg = Debug|x64
		{35AD2EA1-B384-4E88-A239-0000256C30C2}.Debug|x64.Build.0 = Debug|x64
		{35AD2EA1-B384-4E88-A239-0000256C30C2}.Debug|x86.ActiveCfg = Debug|Win32
		{35AD2EA1-B384-4E88-A239-0000256C30C2}.Debug|x86.Build.0 = Debug|Win32
		{35AD2EA1-B384-4E88-A239-0000256C30C2}.Release|x64.ActiveCfg = Release|x64
		{35AD2EA1-B384-4E88-A239-0000256C30C2}.Release|x64.Build.0 = Release|x64
		{35AD2EA1-B384-4E88-A239-0000256C30C2}.Release|x86.ActiveCfg = Release|Win32
		{35AD2EA1-B384-4E88-A239-0000256C30C2}.Release|x86.Build.0 = Release|Win32
		{C37A3862-9987-4C65-B53E-2AC10255794A}.Debug|x64.ActiveCfg = Debug|x64
		{C37A3862-9987-4C65-B53E-2AC10255794A}.Debug|x64.Build.0 = Debug|x64
		{C37A3862-9987-4C65-B53E-2AC10255794A}.Debug|x86.ActiveCfg = Debug|Win32
		{C37A3862-9987-4C65-B53E-2AC10255794A}.Debug|x86.Build.0 = Debug|Win32
		{C37A3862-9987-4C65-B53E-2AC10255794A}.Release|x64.ActiveCfg = Release|x64
		{C37A3862-9987-4C65-B53E-2AC10255794A}.Release|x64.Build.0 = Release|x64
		{C37A3862-9987-4C65-B53E-2AC10255794A}.Release|x86.ActiveCfg = Release|Win32
		{C37A3862-9987-4C65-B53E-2AC10255794A}.Release|x86.Build.0 = Release|Win32
	EndGlobalSection
	GlobalSection(SolutionProperties) = preSolution
		HideSolutionNode = FALSE
	EndGlobalSection
	GlobalSection(ExtensibilityGlobals) = postSolution
		SolutionGuid = {81B44596-DC18-48AA-8175-A72926ACE69B}
	EndGlobalSection
EndGlobal
